Microsoft Visual Studio Solution File, Format Version 12.00
# Visual Studio 15
VisualStudioVersion = 15.0.26124.0
MinimumVisualStudioVersion = 15.0.26124.0
Project("{9A19103F-16F7-4668-BE54-9A1E7A4F7556}") = "RegistrationConcepts", "RegistrationConcepts\RegistrationConcepts.csproj", "{95161C08-9908-4406-A64A-30D12A9A6667}"
EndProject
Project("{9A19103F-16F7-4668-BE54-9A1E7A4F7556}") = "ConstructorChoise", "ConstructorChoise\ConstructorChoise.csproj", "{DC222432-AA02-4E4C-8266-A1917101ED18}"
EndProject
Project("{9A19103F-16F7-4668-BE54-9A1E7A4F7556}") = "RegisteringInstances", "RegisteringInstances\RegisteringInstances.csproj", "{A204EEFE-92DB-40EF-AD19-9DCA2149AFC5}"
EndProject
Project("{9A19103F-16F7-4668-BE54-9A1E7A4F7556}") = "LambdaExpressionComponents", "LambdaExpressionComponents\LambdaExpressionComponents.csproj", "{8A994274-AD29-4356-8867-6D7AC86ED67D}"
EndProject
Project("{9A19103F-16F7-4668-BE54-9A1E7A4F7556}") = "RegistrationOfGenerics", "RegistrationOfGenerics\RegistrationOfGenerics.csproj", "{4E091734-C8D8-4753-86CF-AB3ADC907734}"
EndProject
Project("{9A19103F-16F7-4668-BE54-9A1E7A4F7556}") = "RegistrationWithParameters", "RegistrationWithParameters\RegistrationWithParameters.csproj", "{A51C741B-CA8C-4D1A-AABC-79CF02F56433}"
EndProject
Project("{9A19103F-16F7-4668-BE54-9A1E7A4F7556}") = "PropertyAndMethodInjection", "PropertyAndMethodInjection\PropertyAndMethodInjection.csproj", "{518831C1-190F-426D-B956-B4ED9987294E}"
EndProject
Project("{9A19103F-16F7-4668-BE54-9A1E7A4F7556}") = "ScanningForTypes", "ScanningForTypes\ScanningForTypes.csproj", "{06E130DA-19F2-450F-89A6-39B1C660D909}"
EndProject
Project("{9A19103F-16F7-4668-BE54-9A1E7A4F7556}") = "ScannigForModules", "ScannigForModules\ScannigForModules.csproj", "{96EF1C68-7997-4835-BA58-125A7FA0F2FE}"
EndProject
Project("{9A19103F-16F7-4668-BE54-9A1E7A4F7556}") = "EnumerationOfRegisteredTypes", "EnumerationOfRegisteredTypes\EnumerationOfRegisteredTypes.csproj", "{9317EB18-7717-4159-A081-2302A2210200}"
EndProject
Project("{9A19103F-16F7-4668-BE54-9A1E7A4F7556}") = "KeyedServiceLookup", "KeyedServiceLookup\KeyedServiceLookup.csproj", "{A57EE3EF-0FB7-45B8-84B7-4ABC93C85250}"
EndProject
Project("{9A19103F-16F7-4668-BE54-9A1E7A4F7556}") = "DelayedLazyInstantiation", "DelayedLazyInstantiation\DelayedLazyInstantiation.csproj", "{E5C8D820-E86D-4D10-A444-BBA145B4E4FC}"
EndProject
Project("{FAE04EC0-301F-11D3-BF4B-00C04F79EFBC}") = "InstanceScope", "InstanceScope\InstanceScope.csproj", "{464248CD-4EEC-402E-998B-6AFDB640848E}"
EndProject
Global
	GlobalSection(SolutionConfigurationPlatforms) = preSolution
		Debug|Any CPU = Debug|Any CPU
		Debug|x64 = Debug|x64
		Debug|x86 = Debug|x86
		Release|Any CPU = Release|Any CPU
		Release|x64 = Release|x64
		Release|x86 = Release|x86
	EndGlobalSection
	GlobalSection(ProjectConfigurationPlatforms) = postSolution
		{95161C08-9908-4406-A64A-30D12A9A6667}.Debug|Any CPU.ActiveCfg = Debug|Any CPU
		{95161C08-9908-4406-A64A-30D12A9A6667}.Debug|Any CPU.Build.0 = Debug|Any CPU
		{95161C08-9908-4406-A64A-30D12A9A6667}.Debug|x64.ActiveCfg = Debug|Any CPU
		{95161C08-9908-4406-A64A-30D12A9A6667}.Debug|x64.Build.0 = Debug|Any CPU
		{95161C08-9908-4406-A64A-30D12A9A6667}.Debug|x86.ActiveCfg = Debug|Any CPU
		{95161C08-9908-4406-A64A-30D12A9A6667}.Debug|x86.Build.0 = Debug|Any CPU
		{95161C08-9908-4406-A64A-30D12A9A6667}.Release|Any CPU.ActiveCfg = Release|Any CPU
		{95161C08-9908-4406-A64A-30D12A9A6667}.Release|Any CPU.Build.0 = Release|Any CPU
		{95161C08-9908-4406-A64A-30D12A9A6667}.Release|x64.ActiveCfg = Release|Any CPU
		{95161C08-9908-4406-A64A-30D12A9A6667}.Release|x64.Build.0 = Release|Any CPU
		{95161C08-9908-4406-A64A-30D12A9A6667}.Release|x86.ActiveCfg = Release|Any CPU
		{95161C08-9908-4406-A64A-30D12A9A6667}.Release|x86.Build.0 = Release|Any CPU
		{DC222432-AA02-4E4C-8266-A1917101ED18}.Debug|Any CPU.ActiveCfg = Debug|Any CPU
		{DC222432-AA02-4E4C-8266-A1917101ED18}.Debug|Any CPU.Build.0 = Debug|Any CPU
		{DC222432-AA02-4E4C-8266-A1917101ED18}.Debug|x64.ActiveCfg = Debug|Any CPU
		{DC222432-AA02-4E4C-8266-A1917101ED18}.Debug|x64.Build.0 = Debug|Any CPU
		{DC222432-AA02-4E4C-8266-A1917101ED18}.Debug|x86.ActiveCfg = Debug|Any CPU
		{DC222432-AA02-4E4C-8266-A1917101ED18}.Debug|x86.Build.0 = Debug|Any CPU
		{DC222432-AA02-4E4C-8266-A1917101ED18}.Release|Any CPU.ActiveCfg = Release|Any CPU
		{DC222432-AA02-4E4C-8266-A1917101ED18}.Release|Any CPU.Build.0 = Release|Any CPU
		{DC222432-AA02-4E4C-8266-A1917101ED18}.Release|x64.ActiveCfg = Release|Any CPU
		{DC222432-AA02-4E4C-8266-A1917101ED18}.Release|x64.Build.0 = Release|Any CPU
		{DC222432-AA02-4E4C-8266-A1917101ED18}.Release|x86.ActiveCfg = Release|Any CPU
		{DC222432-AA02-4E4C-8266-A1917101ED18}.Release|x86.Build.0 = Release|Any CPU
		{A204EEFE-92DB-40EF-AD19-9DCA2149AFC5}.Debug|Any CPU.ActiveCfg = Debug|Any CPU
		{A204EEFE-92DB-40EF-AD19-9DCA2149AFC5}.Debug|Any CPU.Build.0 = Debug|Any CPU
		{A204EEFE-92DB-40EF-AD19-9DCA2149AFC5}.Debug|x64.ActiveCfg = Debug|Any CPU
		{A204EEFE-92DB-40EF-AD19-9DCA2149AFC5}.Debug|x64.Build.0 = Debug|Any CPU
		{A204EEFE-92DB-40EF-AD19-9DCA2149AFC5}.Debug|x86.ActiveCfg = Debug|Any CPU
		{A204EEFE-92DB-40EF-AD19-9DCA2149AFC5}.Debug|x86.Build.0 = Debug|Any CPU
		{A204EEFE-92DB-40EF-AD19-9DCA2149AFC5}.Release|Any CPU.ActiveCfg = Release|Any CPU
		{A204EEFE-92DB-40EF-AD19-9DCA2149AFC5}.Release|Any CPU.Build.0 = Release|Any CPU
		{A204EEFE-92DB-40EF-AD19-9DCA2149AFC5}.Release|x64.ActiveCfg = Release|Any CPU
		{A204EEFE-92DB-40EF-AD19-9DCA2149AFC5}.Release|x64.Build.0 = Release|Any CPU
		{A204EEFE-92DB-40EF-AD19-9DCA2149AFC5}.Release|x86.ActiveCfg = Release|Any CPU
		{A204EEFE-92DB-40EF-AD19-9DCA2149AFC5}.Release|x86.Build.0 = Release|Any CPU
		{8A994274-AD29-4356-8867-6D7AC86ED67D}.Debug|Any CPU.ActiveCfg = Debug|Any CPU
		{8A994274-AD29-4356-8867-6D7AC86ED67D}.Debug|Any CPU.Build.0 = Debug|Any CPU
		{8A994274-AD29-4356-8867-6D7AC86ED67D}.Debug|x64.ActiveCfg = Debug|Any CPU
		{8A994274-AD29-4356-8867-6D7AC86ED67D}.Debug|x64.Build.0 = Debug|Any CPU
		{8A994274-AD29-4356-8867-6D7AC86ED67D}.Debug|x86.ActiveCfg = Debug|Any CPU
		{8A994274-AD29-4356-8867-6D7AC86ED67D}.Debug|x86.Build.0 = Debug|Any CPU
		{8A994274-AD29-4356-8867-6D7AC86ED67D}.Release|Any CPU.ActiveCfg = Release|Any CPU
		{8A994274-AD29-4356-8867-6D7AC86ED67D}.Release|Any CPU.Build.0 = Release|Any CPU
		{8A994274-AD29-4356-8867-6D7AC86ED67D}.Release|x64.ActiveCfg = Release|Any CPU
		{8A994274-AD29-4356-8867-6D7AC86ED67D}.Release|x64.Build.0 = Release|Any CPU
		{8A994274-AD29-4356-8867-6D7AC86ED67D}.Release|x86.ActiveCfg = Release|Any CPU
		{8A994274-AD29-4356-8867-6D7AC86ED67D}.Release|x86.Build.0 = Release|Any CPU
		{4E091734-C8D8-4753-86CF-AB3ADC907734}.Debug|Any CPU.ActiveCfg = Debug|Any CPU
		{4E091734-C8D8-4753-86CF-AB3ADC907734}.Debug|Any CPU.Build.0 = Debug|Any CPU
		{4E091734-C8D8-4753-86CF-AB3ADC907734}.Debug|x64.ActiveCfg = Debug|Any CPU
		{4E091734-C8D8-4753-86CF-AB3ADC907734}.Debug|x64.Build.0 = Debug|Any CPU
		{4E091734-C8D8-4753-86CF-AB3ADC907734}.Debug|x86.ActiveCfg = Debug|Any CPU
		{4E091734-C8D8-4753-86CF-AB3ADC907734}.Debug|x86.Build.0 = Debug|Any CPU
		{4E091734-C8D8-4753-86CF-AB3ADC907734}.Release|Any CPU.ActiveCfg = Release|Any CPU
		{4E091734-C8D8-4753-86CF-AB3ADC907734}.Release|Any CPU.Build.0 = Release|Any CPU
		{4E091734-C8D8-4753-86CF-AB3ADC907734}.Release|x64.ActiveCfg = Release|Any CPU
		{4E091734-C8D8-4753-86CF-AB3ADC907734}.Release|x64.Build.0 = Release|Any CPU
		{4E091734-C8D8-4753-86CF-AB3ADC907734}.Release|x86.ActiveCfg = Release|Any CPU
		{4E091734-C8D8-4753-86CF-AB3ADC907734}.Release|x86.Build.0 = Release|Any CPU
		{A51C741B-CA8C-4D1A-AABC-79CF02F56433}.Debug|Any CPU.ActiveCfg = Debug|Any CPU
		{A51C741B-CA8C-4D1A-AABC-79CF02F56433}.Debug|Any CPU.Build.0 = Debug|Any CPU
		{A51C741B-CA8C-4D1A-AABC-79CF02F56433}.Debug|x64.ActiveCfg = Debug|Any CPU
		{A51C741B-CA8C-4D1A-AABC-79CF02F56433}.Debug|x64.Build.0 = Debug|Any CPU
		{A51C741B-CA8C-4D1A-AABC-79CF02F56433}.Debug|x86.ActiveCfg = Debug|Any CPU
		{A51C741B-CA8C-4D1A-AABC-79CF02F56433}.Debug|x86.Build.0 = Debug|Any CPU
		{A51C741B-CA8C-4D1A-AABC-79CF02F56433}.Release|Any CPU.ActiveCfg = Release|Any CPU
		{A51C741B-CA8C-4D1A-AABC-79CF02F56433}.Release|Any CPU.Build.0 = Release|Any CPU
		{A51C741B-CA8C-4D1A-AABC-79CF02F56433}.Release|x64.ActiveCfg = Release|Any CPU
		{A51C741B-CA8C-4D1A-AABC-79CF02F56433}.Release|x64.Build.0 = Release|Any CPU
		{A51C741B-CA8C-4D1A-AABC-79CF02F56433}.Release|x86.ActiveCfg = Release|Any CPU
		{A51C741B-CA8C-4D1A-AABC-79CF02F56433}.Release|x86.Build.0 = Release|Any CPU
		{518831C1-190F-426D-B956-B4ED9987294E}.Debug|Any CPU.ActiveCfg = Debug|Any CPU
		{518831C1-190F-426D-B956-B4ED9987294E}.Debug|Any CPU.Build.0 = Debug|Any CPU
		{518831C1-190F-426D-B956-B4ED9987294E}.Debug|x64.ActiveCfg = Debug|Any CPU
		{518831C1-190F-426D-B956-B4ED9987294E}.Debug|x64.Build.0 = Debug|Any CPU
		{518831C1-190F-426D-B956-B4ED9987294E}.Debug|x86.ActiveCfg = Debug|Any CPU
		{518831C1-190F-426D-B956-B4ED9987294E}.Debug|x86.Build.0 = Debug|Any CPU
		{518831C1-190F-426D-B956-B4ED9987294E}.Release|Any CPU.ActiveCfg = Release|Any CPU
		{518831C1-190F-426D-B956-B4ED9987294E}.Release|Any CPU.Build.0 = Release|Any CPU
		{518831C1-190F-426D-B956-B4ED9987294E}.Release|x64.ActiveCfg = Release|Any CPU
		{518831C1-190F-426D-B956-B4ED9987294E}.Release|x64.Build.0 = Release|Any CPU
		{518831C1-190F-426D-B956-B4ED9987294E}.Release|x86.ActiveCfg = Release|Any CPU
		{518831C1-190F-426D-B956-B4ED9987294E}.Release|x86.Build.0 = Release|Any CPU
		{06E130DA-19F2-450F-89A6-39B1C660D909}.Debug|Any CPU.ActiveCfg = Debug|Any CPU
		{06E130DA-19F2-450F-89A6-39B1C660D909}.Debug|Any CPU.Build.0 = Debug|Any CPU
		{06E130DA-19F2-450F-89A6-39B1C660D909}.Debug|x64.ActiveCfg = Debug|Any CPU
		{06E130DA-19F2-450F-89A6-39B1C660D909}.Debug|x64.Build.0 = Debug|Any CPU
		{06E130DA-19F2-450F-89A6-39B1C660D909}.Debug|x86.ActiveCfg = Debug|Any CPU
		{06E130DA-19F2-450F-89A6-39B1C660D909}.Debug|x86.Build.0 = Debug|Any CPU
		{06E130DA-19F2-450F-89A6-39B1C660D909}.Release|Any CPU.ActiveCfg = Release|Any CPU
		{06E130DA-19F2-450F-89A6-39B1C660D909}.Release|Any CPU.Build.0 = Release|Any CPU
		{06E130DA-19F2-450F-89A6-39B1C660D909}.Release|x64.ActiveCfg = Release|Any CPU
		{06E130DA-19F2-450F-89A6-39B1C660D909}.Release|x64.Build.0 = Release|Any CPU
		{06E130DA-19F2-450F-89A6-39B1C660D909}.Release|x86.ActiveCfg = Release|Any CPU
		{06E130DA-19F2-450F-89A6-39B1C660D909}.Release|x86.Build.0 = Release|Any CPU
		{96EF1C68-7997-4835-BA58-125A7FA0F2FE}.Debug|Any CPU.ActiveCfg = Debug|Any CPU
		{96EF1C68-7997-4835-BA58-125A7FA0F2FE}.Debug|Any CPU.Build.0 = Debug|Any CPU
		{96EF1C68-7997-4835-BA58-125A7FA0F2FE}.Debug|x64.ActiveCfg = Debug|Any CPU
		{96EF1C68-7997-4835-BA58-125A7FA0F2FE}.Debug|x64.Build.0 = Debug|Any CPU
		{96EF1C68-7997-4835-BA58-125A7FA0F2FE}.Debug|x86.ActiveCfg = Debug|Any CPU
		{96EF1C68-7997-4835-BA58-125A7FA0F2FE}.Debug|x86.Build.0 = Debug|Any CPU
		{96EF1C68-7997-4835-BA58-125A7FA0F2FE}.Release|Any CPU.ActiveCfg = Release|Any CPU
		{96EF1C68-7997-4835-BA58-125A7FA0F2FE}.Release|Any CPU.Build.0 = Release|Any CPU
		{96EF1C68-7997-4835-BA58-125A7FA0F2FE}.Release|x64.ActiveCfg = Release|Any CPU
		{96EF1C68-7997-4835-BA58-125A7FA0F2FE}.Release|x64.Build.0 = Release|Any CPU
		{96EF1C68-7997-4835-BA58-125A7FA0F2FE}.Release|x86.ActiveCfg = Release|Any CPU
		{96EF1C68-7997-4835-BA58-125A7FA0F2FE}.Release|x86.Build.0 = Release|Any CPU
		{9317EB18-7717-4159-A081-2302A2210200}.Debug|Any CPU.ActiveCfg = Debug|Any CPU
		{9317EB18-7717-4159-A081-2302A2210200}.Debug|Any CPU.Build.0 = Debug|Any CPU
		{9317EB18-7717-4159-A081-2302A2210200}.Debug|x64.ActiveCfg = Debug|Any CPU
		{9317EB18-7717-4159-A081-2302A2210200}.Debug|x64.Build.0 = Debug|Any CPU
		{9317EB18-7717-4159-A081-2302A2210200}.Debug|x86.ActiveCfg = Debug|Any CPU
		{9317EB18-7717-4159-A081-2302A2210200}.Debug|x86.Build.0 = Debug|Any CPU
		{9317EB18-7717-4159-A081-2302A2210200}.Release|Any CPU.ActiveCfg = Release|Any CPU
		{9317EB18-7717-4159-A081-2302A2210200}.Release|Any CPU.Build.0 = Release|Any CPU
		{9317EB18-7717-4159-A081-2302A2210200}.Release|x64.ActiveCfg = Release|Any CPU
		{9317EB18-7717-4159-A081-2302A2210200}.Release|x64.Build.0 = Release|Any CPU
		{9317EB18-7717-4159-A081-2302A2210200}.Release|x86.ActiveCfg = Release|Any CPU
		{9317EB18-7717-4159-A081-2302A2210200}.Release|x86.Build.0 = Release|Any CPU
		{A57EE3EF-0FB7-45B8-84B7-4ABC93C85250}.Debug|Any CPU.ActiveCfg = Debug|Any CPU
		{A57EE3EF-0FB7-45B8-84B7-4ABC93C85250}.Debug|Any CPU.Build.0 = Debug|Any CPU
		{A57EE3EF-0FB7-45B8-84B7-4ABC93C85250}.Debug|x64.ActiveCfg = Debug|Any CPU
		{A57EE3EF-0FB7-45B8-84B7-4ABC93C85250}.Debug|x64.Build.0 = Debug|Any CPU
		{A57EE3EF-0FB7-45B8-84B7-4ABC93C85250}.Debug|x86.ActiveCfg = Debug|Any CPU
		{A57EE3EF-0FB7-45B8-84B7-4ABC93C85250}.Debug|x86.Build.0 = Debug|Any CPU
		{A57EE3EF-0FB7-45B8-84B7-4ABC93C85250}.Release|Any CPU.ActiveCfg = Release|Any CPU
		{A57EE3EF-0FB7-45B8-84B7-4ABC93C85250}.Release|Any CPU.Build.0 = Release|Any CPU
		{A57EE3EF-0FB7-45B8-84B7-4ABC93C85250}.Release|x64.ActiveCfg = Release|Any CPU
		{A57EE3EF-0FB7-45B8-84B7-4ABC93C85250}.Release|x64.Build.0 = Release|Any CPU
		{A57EE3EF-0FB7-45B8-84B7-4ABC93C85250}.Release|x86.ActiveCfg = Release|Any CPU
		{A57EE3EF-0FB7-45B8-84B7-4ABC93C85250}.Release|x86.Build.0 = Release|Any CPU
		{E5C8D820-E86D-4D10-A444-BBA145B4E4FC}.Debug|Any CPU.ActiveCfg = Debug|Any CPU
		{E5C8D820-E86D-4D10-A444-BBA145B4E4FC}.Debug|Any CPU.Build.0 = Debug|Any CPU
		{E5C8D820-E86D-4D10-A444-BBA145B4E4FC}.Debug|x64.ActiveCfg = Debug|Any CPU
		{E5C8D820-E86D-4D10-A444-BBA145B4E4FC}.Debug|x64.Build.0 = Debug|Any CPU
		{E5C8D820-E86D-4D10-A444-BBA145B4E4FC}.Debug|x86.ActiveCfg = Debug|Any CPU
		{E5C8D820-E86D-4D10-A444-BBA145B4E4FC}.Debug|x86.Build.0 = Debug|Any CPU
		{E5C8D820-E86D-4D10-A444-BBA145B4E4FC}.Release|Any CPU.ActiveCfg = Release|Any CPU
		{E5C8D820-E86D-4D10-A444-BBA145B4E4FC}.Release|Any CPU.Build.0 = Release|Any CPU
		{E5C8D820-E86D-4D10-A444-BBA145B4E4FC}.Release|x64.ActiveCfg = Release|Any CPU
		{E5C8D820-E86D-4D10-A444-BBA145B4E4FC}.Release|x64.Build.0 = Release|Any CPU
		{E5C8D820-E86D-4D10-A444-BBA145B4E4FC}.Release|x86.ActiveCfg = Release|Any CPU
		{E5C8D820-E86D-4D10-A444-BBA145B4E4FC}.Release|x86.Build.0 = Release|Any CPU
		{464248CD-4EEC-402E-998B-6AFDB640848E}.Debug|Any CPU.ActiveCfg = Debug|Any CPU
		{464248CD-4EEC-402E-998B-6AFDB640848E}.Debug|Any CPU.Build.0 = Debug|Any CPU
		{464248CD-4EEC-402E-998B-6AFDB640848E}.Debug|x64.ActiveCfg = Debug|Any CPU
		{464248CD-4EEC-402E-998B-6AFDB640848E}.Debug|x64.Build.0 = Debug|Any CPU
		{464248CD-4EEC-402E-998B-6AFDB640848E}.Debug|x86.ActiveCfg = Debug|Any CPU
		{464248CD-4EEC-402E-998B-6AFDB640848E}.Debug|x86.Build.0 = Debug|Any CPU
		{464248CD-4EEC-402E-998B-6AFDB640848E}.Release|Any CPU.ActiveCfg = Release|Any CPU
		{464248CD-4EEC-402E-998B-6AFDB640848E}.Release|Any CPU.Build.0 = Release|Any CPU
		{464248CD-4EEC-402E-998B-6AFDB640848E}.Release|x64.ActiveCfg = Release|Any CPU
		{464248CD-4EEC-402E-998B-6AFDB640848E}.Release|x64.Build.0 = Release|Any CPU
		{464248CD-4EEC-402E-998B-6AFDB640848E}.Release|x86.ActiveCfg = Release|Any CPU
		{464248CD-4EEC-402E-998B-6AFDB640848E}.Release|x86.Build.0 = Release|Any CPU
	EndGlobalSection
	GlobalSection(SolutionProperties) = preSolution
		HideSolutionNode = FALSE
	EndGlobalSection
	GlobalSection(ExtensibilityGlobals) = postSolution
		SolutionGuid = {C2A7D28E-8E0A-4AC0-8E57-FD68CD7AE5F6}
	EndGlobalSection
EndGlobal
